
Microsoft Visual Studio Solution File, Format Version 12.00
# Visual Studio Version 17
VisualStudioVersion = 17.14.36603.0 d17.14
MinimumVisualStudioVersion = 10.0.40219.1
Project("{8BC9CEB8-8B4A-11D0-8D11-00A0C91BC942}") = "battle-royale", "battle-royale\battle-royale.vcxproj", "{CC483D37-19A4-46F1-BB80-AE08F93EEA24}"
EndProject
Global
	GlobalSection(SolutionConfigurationPlatforms) = preSolution
		Debug|x64 = Debug|x64
		Debug|x86 = Debug|x86
		Release|x64 = Release|x64
		Release|x86 = Release|x86
	EndGlobalSection
	GlobalSection(ProjectConfigurationPlatforms) = postSolution
		{CC483D37-19A4-46F1-BB80-AE08F93EEA24}.Debug|x64.ActiveCfg = Debug|x64
		{CC483D37-19A4-46F1-BB80-AE08F93EEA24}.Debug|x64.Build.0 = Debug|x64
		{CC483D37-19A4-46F1-BB80-AE08F93EEA24}.Debug|x86.ActiveCfg = Debug|Win32
		{CC483D37-19A4-46F1-BB80-AE08F93EEA24}.Debug|x86.Build.0 = Debug|Win32
		{CC483D37-19A4-46F1-BB80-AE08F93EEA24}.Release|x64.ActiveCfg = Release|x64
		{CC483D37-19A4-46F1-BB80-AE08F93EEA24}.Release|x64.Build.0 = Release|x64
		{CC483D37-19A4-46F1-BB80-AE08F93EEA24}.Release|x86.ActiveCfg = Release|Win32
		{CC483D37-19A4-46F1-BB80-AE08F93EEA24}.Release|x86.Build.0 = Release|Win32
	EndGlobalSection
	GlobalSection(SolutionProperties) = preSolution
		HideSolutionNode = FALSE
	EndGlobalSection
	GlobalSection(ExtensibilityGlobals) = postSolution
		SolutionGuid = {450A2B2F-F54A-40FA-B84A-2117328F2CFC}
	EndGlobalSection
EndGlobal
